{
  "nodes": {
    "nixpkgs": {
      "locked": {
        "lastModified": 1680841989,
        "narHash": "sha256-xEIQiOV+jQN6KDo2qWxImByY2GtC7mZBYkxMyBzaFk4=",
        "owner": "NixOS",
        "repo": "nixpkgs",
        "rev": "8d474038efd0085703316411c89309b1920172f1",
        "type": "github"
      },
      "original": {
        "owner": "NixOS",
        "repo": "nixpkgs",
        "type": "github"
      }
    },
    "root": {
      "inputs": {
        "nixpkgs": "nixpkgs"
      }
    }
  },
  "root": "root",
  "version": 7
}
